
Microsoft Visual Studio Solution File, Format Version 12.00
# Visual Studio Version 17
VisualStudioVersion = 17.11.35312.102
MinimumVisualStudioVersion = 10.0.40219.1
Project("{FAE04EC0-301F-11D3-BF4B-00C04F79EFBC}") = "01_MainSubjects", "01_MainSubjects\01_MainSubjects.csproj", "{15B6F991-527B-497E-BB76-209649E0DE47}"
EndProject
Project("{FAE04EC0-301F-11D3-BF4B-00C04F79EFBC}") = "02_Variables", "02_Variables\02_Variables.csproj", "{085A718D-F83E-4E48-A030-82E429988C82}"
EndProject
Project("{FAE04EC0-301F-11D3-BF4B-00C04F79EFBC}") = "03_MakingDecision", "03_MakingDecision\03_MakingDecision.csproj", "{59C4536B-D01A-438F-AC6B-B7D07CFC6BE2}"
EndProject
Project("{FAE04EC0-301F-11D3-BF4B-00C04F79EFBC}") = "05_LoopWithStars", "05_LoopWithStars\05_LoopWithStars.csproj", "{12EACDBA-5AA7-43B5-88A2-FDA965ADCAE4}"
EndProject
Project("{FAE04EC0-301F-11D3-BF4B-00C04F79EFBC}") = "07_ForeachLoop", "07_ForeachLoop\07_ForeachLoop.csproj", "{0FE0B2C4-983C-4703-B9C5-67891C53F1C8}"
EndProject
Project("{FAE04EC0-301F-11D3-BF4B-00C04F79EFBC}") = "08_Methods", "08_Methods\08_Methods.csproj", "{BF218EC8-978B-479A-8B7F-B906A4ED122B}"
EndProject
Project("{FAE04EC0-301F-11D3-BF4B-00C04F79EFBC}") = "04_Loops", "04_Loops\04_Loops.csproj", "{E35B69F2-DE7F-4D45-8FB2-5D68E5CC7720}"
EndProject
Project("{FAE04EC0-301F-11D3-BF4B-00C04F79EFBC}") = "06_Arrays", "06_Arrays\06_Arrays.csproj", "{1B19DA5C-1648-4585-BCF0-E91CA92062EC}"
EndProject
Project("{FAE04EC0-301F-11D3-BF4B-00C04F79EFBC}") = "09_DatabaseProject", "09_DatabaseProject\09_DatabaseProject.csproj", "{CACBB34C-C47B-468C-B541-96FC32CABFA3}"
EndProject
Project("{FAE04EC0-301F-11D3-BF4B-00C04F79EFBC}") = "10_DatabaseCrud", "10_DatabaseCrud\10_DatabaseCrud.csproj", "{818B325E-B52D-4063-B2C8-7BE96EDE0585}"
EndProject
Global
	GlobalSection(SolutionConfigurationPlatforms) = preSolution
		Debug|Any CPU = Debug|Any CPU
		Release|Any CPU = Release|Any CPU
	EndGlobalSection
	GlobalSection(ProjectConfigurationPlatforms) = postSolution
		{15B6F991-527B-497E-BB76-209649E0DE47}.Debug|Any CPU.ActiveCfg = Debug|Any CPU
		{15B6F991-527B-497E-BB76-209649E0DE47}.Debug|Any CPU.Build.0 = Debug|Any CPU
		{15B6F991-527B-497E-BB76-209649E0DE47}.Release|Any CPU.ActiveCfg = Release|Any CPU
		{15B6F991-527B-497E-BB76-209649E0DE47}.Release|Any CPU.Build.0 = Release|Any CPU
		{085A718D-F83E-4E48-A030-82E429988C82}.Debug|Any CPU.ActiveCfg = Debug|Any CPU
		{085A718D-F83E-4E48-A030-82E429988C82}.Debug|Any CPU.Build.0 = Debug|Any CPU
		{085A718D-F83E-4E48-A030-82E429988C82}.Release|Any CPU.ActiveCfg = Release|Any CPU
		{085A718D-F83E-4E48-A030-82E429988C82}.Release|Any CPU.Build.0 = Release|Any CPU
		{59C4536B-D01A-438F-AC6B-B7D07CFC6BE2}.Debug|Any CPU.ActiveCfg = Debug|Any CPU
		{59C4536B-D01A-438F-AC6B-B7D07CFC6BE2}.Debug|Any CPU.Build.0 = Debug|Any CPU
		{59C4536B-D01A-438F-AC6B-B7D07CFC6BE2}.Release|Any CPU.ActiveCfg = Release|Any CPU
		{59C4536B-D01A-438F-AC6B-B7D07CFC6BE2}.Release|Any CPU.Build.0 = Release|Any CPU
		{12EACDBA-5AA7-43B5-88A2-FDA965ADCAE4}.Debug|Any CPU.ActiveCfg = Debug|Any CPU
		{12EACDBA-5AA7-43B5-88A2-FDA965ADCAE4}.Debug|Any CPU.Build.0 = Debug|Any CPU
		{12EACDBA-5AA7-43B5-88A2-FDA965ADCAE4}.Release|Any CPU.ActiveCfg = Release|Any CPU
		{12EACDBA-5AA7-43B5-88A2-FDA965ADCAE4}.Release|Any CPU.Build.0 = Release|Any CPU
		{0FE0B2C4-983C-4703-B9C5-67891C53F1C8}.Debug|Any CPU.ActiveCfg = Debug|Any CPU
		{0FE0B2C4-983C-4703-B9C5-67891C53F1C8}.Debug|Any CPU.Build.0 = Debug|Any CPU
		{0FE0B2C4-983C-4703-B9C5-67891C53F1C8}.Release|Any CPU.ActiveCfg = Release|Any CPU
		{0FE0B2C4-983C-4703-B9C5-67891C53F1C8}.Release|Any CPU.Build.0 = Release|Any CPU
		{BF218EC8-978B-479A-8B7F-B906A4ED122B}.Debug|Any CPU.ActiveCfg = Debug|Any CPU
		{BF218EC8-978B-479A-8B7F-B906A4ED122B}.Debug|Any CPU.Build.0 = Debug|Any CPU
		{BF218EC8-978B-479A-8B7F-B906A4ED122B}.Release|Any CPU.ActiveCfg = Release|Any CPU
		{BF218EC8-978B-479A-8B7F-B906A4ED122B}.Release|Any CPU.Build.0 = Release|Any CPU
		{E35B69F2-DE7F-4D45-8FB2-5D68E5CC7720}.Debug|Any CPU.ActiveCfg = Debug|Any CPU
		{E35B69F2-DE7F-4D45-8FB2-5D68E5CC7720}.Debug|Any CPU.Build.0 = Debug|Any CPU
		{E35B69F2-DE7F-4D45-8FB2-5D68E5CC7720}.Release|Any CPU.ActiveCfg = Release|Any CPU
		{E35B69F2-DE7F-4D45-8FB2-5D68E5CC7720}.Release|Any CPU.Build.0 = Release|Any CPU
		{1B19DA5C-1648-4585-BCF0-E91CA92062EC}.Debug|Any CPU.ActiveCfg = Debug|Any CPU
		{1B19DA5C-1648-4585-BCF0-E91CA92062EC}.Debug|Any CPU.Build.0 = Debug|Any CPU
		{1B19DA5C-1648-4585-BCF0-E91CA92062EC}.Release|Any CPU.ActiveCfg = Release|Any CPU
		{1B19DA5C-1648-4585-BCF0-E91CA92062EC}.Release|Any CPU.Build.0 = Release|Any CPU
		{CACBB34C-C47B-468C-B541-96FC32CABFA3}.Debug|Any CPU.ActiveCfg = Debug|Any CPU
		{CACBB34C-C47B-468C-B541-96FC32CABFA3}.Debug|Any CPU.Build.0 = Debug|Any CPU
		{CACBB34C-C47B-468C-B541-96FC32CABFA3}.Release|Any CPU.ActiveCfg = Release|Any CPU
		{CACBB34C-C47B-468C-B541-96FC32CABFA3}.Release|Any CPU.Build.0 = Release|Any CPU
		{818B325E-B52D-4063-B2C8-7BE96EDE0585}.Debug|Any CPU.ActiveCfg = Debug|Any CPU
		{818B325E-B52D-4063-B2C8-7BE96EDE0585}.Debug|Any CPU.Build.0 = Debug|Any CPU
		{818B325E-B52D-4063-B2C8-7BE96EDE0585}.Release|Any CPU.ActiveCfg = Release|Any CPU
		{818B325E-B52D-4063-B2C8-7BE96EDE0585}.Release|Any CPU.Build.0 = Release|Any CPU
	EndGlobalSection
	GlobalSection(SolutionProperties) = preSolution
		HideSolutionNode = FALSE
	EndGlobalSection
	GlobalSection(ExtensibilityGlobals) = postSolution
		SolutionGuid = {3F926B6A-C936-4E19-9943-00A53A604BCF}
	EndGlobalSection
EndGlobal
